// !$*UTF8*$!
{
	archiveVersion = 1;
	classes = {
	};
	objectVersion = 46;
	objects = {

/* Begin PBXBuildFile section */
		39A1DD9B1C5116DD003922D2 /* main.m in Sources */ = {isa = PBXBuildFile; fileRef = 39A1DD9A1C5116DD003922D2 /* main.m */; };
		39A1DD9E1C5116DD003922D2 /* AppDelegate.m in Sources */ = {isa = PBXBuildFile; fileRef = 39A1DD9D1C5116DD003922D2 /* AppDelegate.m */; };
		39A1DDA11C5116DD003922D2 /* ViewController.m in Sources */ = {isa = PBXBuildFile; fileRef = 39A1DDA01C5116DD003922D2 /* ViewController.m */; };
		39A1DDA41C5116DD003922D2 /* Main.storyboard in Resources */ = {isa = PBXBuildFile; fileRef = 39A1DDA21C5116DD003922D2 /* Main.storyboard */; };
		39A1DDA61C5116DD003922D2 /* Assets.xcassets in Resources */ = {isa = PBXBuildFile; fileRef = 39A1DDA51C5116DD003922D2 /* Assets.xcassets */; };
		39A1DDA91C5116DD003922D2 /* LaunchScreen.storyboard in Resources */ = {isa = PBXBuildFile; fileRef = 39A1DDA71C5116DD003922D2 /* LaunchScreen.storyboard */; };
		39A1DDB21C511706003922D2 /* MyNavigationController.m in Sources */ = {isa = PBXBuildFile; fileRef = 39A1DDB11C511706003922D2 /* MyNavigationController.m */; };
		39A1DDB51C5117BF003922D2 /* PushedViewController.m in Sources */ = {isa = PBXBuildFile; fileRef = 39A1DDB41C5117BF003922D2 /* PushedViewController.m */; };
/* End PBXBuildFile section */

/* Begin PBXFileReference section */
		39A1DD961C5116DD003922D2 /* ViewWillTransistionToSize.app */ = {isa = PBXFileReference; explicitFileType = wrapper.application; includeInIndex = 0; path = ViewWillTransistionToSize.app; sourceTree = BUILT_PRODUCTS_DIR; };
		39A1DD9A1C5116DD003922D2 /* main.m */ = {isa = PBXFileReference; lastKnownFileType = sourcecode.c.objc; path = main.m; sourceTree = "<group>"; };
		39A1DD9C1C5116DD003922D2 /* AppDelegate.h */ = {isa = PBXFileReference; lastKnownFileType = sourcecode.c.h; path = AppDelegate.h; sourceTree = "<group>"; };
		39A1DD9D1C5116DD003922D2 /* AppDelegate.m */ = {isa = PBXFileReference; lastKnownFileType = sourcecode.c.objc; path = AppDelegate.m; sourceTree = "<group>"; };
		39A1DD9F1C5116DD003922D2 /* ViewController.h */ = {isa = PBXFileReference; lastKnownFileType = sourcecode.c.h; path = ViewController.h; sourceTree = "<group>"; };
		39A1DDA01C5116DD003922D2 /* ViewController.m */ = {isa = PBXFileReference; lastKnownFileType = sourcecode.c.objc; path = ViewController.m; sourceTree = "<group>"; };
		39A1DDA31C5116DD003922D2 /* Base */ = {isa = PBXFileReference; lastKnownFileType = file.storyboard; name = Base; path = Base.lproj/Main.storyboard; sourceTree = "<group>"; };
		39A1DDA51C5116DD003922D2 /* Assets.xcassets */ = {isa = PBXFileReference; lastKnownFileType = folder.assetcatalog; path = Assets.xcassets; sourceTree = "<group>"; };
		39A1DDA81C5116DD003922D2 /* Base */ = {isa = PBXFileReference; lastKnownFileType = file.storyboard; name = Base; path = Base.lproj/LaunchScreen.storyboard; sourceTree = "<group>"; };
		39A1DDAA1C5116DD003922D2 /* Info.plist */ = {isa = PBXFileReference; lastKnownFileType = text.plist.xml; path = Info.plist; sourceTree = "<group>"; };
		39A1DDB01C511706003922D2 /* MyNavigationController.h */ = {isa = PBXFileReference; fileEncoding = 4; lastKnownFileType = sourcecode.c.h; path = MyNavigationController.h; sourceTree = "<group>"; };
		39A1DDB11C511706003922D2 /* MyNavigationController.m */ = {isa = PBXFileReference; fileEncoding = 4; lastKnownFileType = sourcecode.c.objc; path = MyNavigationController.m; sourceTree = "<group>"; };
		39A1DDB31C5117BF003922D2 /* PushedViewController.h */ = {isa = PBXFileReference; fileEncoding = 4; lastKnownFileType = sourcecode.c.h; path = PushedViewController.h; sourceTree = "<group>"; };
		39A1DDB41C5117BF003922D2 /* PushedViewController.m */ = {isa = PBXFileReference; fileEncoding = 4; lastKnownFileType = sourcecode.c.objc; path = PushedViewController.m; sourceTree = "<group>"; };
/* End PBXFileReference section */

/* Begin PBXFrameworksBuildPhase section */
		39A1DD931C5116DD003922D2 /* Frameworks */ = {
			isa = PBXFrameworksBuildPhase;
			buildActionMask = 2147483647;
			files = (
			);
			runOnlyForDeploymentPostprocessing = 0;
		};
/* End PBXFrameworksBuildPhase section */

/* Begin PBXGroup section */
		39A1DD8D1C5116DD003922D2 = {
			isa = PBXGroup;
			children = (
				39A1DD981C5116DD003922D2 /* ViewWillTransistionToSize */,
				39A1DD971C5116DD003922D2 /* Products */,
			);
			sourceTree = "<group>";
		};
		39A1DD971C5116DD003922D2 /* Products */ = {
			isa = PBXGroup;
			children = (
				39A1DD961C5116DD003922D2 /* ViewWillTransistionToSize.app */,
			);
			name = Products;
			sourceTree = "<group>";
		};
		39A1DD981C5116DD003922D2 /* ViewWillTransistionToSize */ = {
			isa = PBXGroup;
			children = (
				39A1DD9C1C5116DD003922D2 /* AppDelegate.h */,
				39A1DD9D1C5116DD003922D2 /* AppDelegate.m */,
				39A1DD9F1C5116DD003922D2 /* ViewController.h */,
				39A1DDA01C5116DD003922D2 /* ViewController.m */,
				39A1DDA21C5116DD003922D2 /* Main.storyboard */,
				39A1DDA51C5116DD003922D2 /* Assets.xcassets */,
				39A1DDA71C5116DD003922D2 /* LaunchScreen.storyboard */,
				39A1DDAA1C5116DD003922D2 /* Info.plist */,
				39A1DD991C5116DD003922D2 /* Supporting Files */,
				39A1DDB01C511706003922D2 /* MyNavigationController.h */,
				39A1DDB11C511706003922D2 /* MyNavigationController.m */,
				39A1DDB31C5117BF003922D2 /* PushedViewController.h */,
				39A1DDB41C5117BF003922D2 /* PushedViewController.m */,
			);
			path = ViewWillTransistionToSize;
			sourceTree = "<group>";
		};
		39A1DD991C5116DD003922D2 /* Supporting Files */ = {
			isa = PBXGroup;
			children = (
				39A1DD9A1C5116DD003922D2 /* main.m */,
			);
			name = "Supporting Files";
			sourceTree = "<group>";
		};
/* End PBXGroup section */

/* Begin PBXNativeTarget section */
		39A1DD951C5116DD003922D2 /* ViewWillTransistionToSize */ = {
			isa = PBXNativeTarget;
			buildConfigurationList = 39A1DDAD1C5116DD003922D2 /* Build configuration list for PBXNativeTarget "ViewWillTransistionToSize" */;
			buildPhases = (
				39A1DD921C5116DD003922D2 /* Sources */,
				39A1DD931C5116DD003922D2 /* Frameworks */,
				39A1DD941C5116DD003922D2 /* Resources */,
			);
			buildRules = (
			);
			dependencies = (
			);
			name = ViewWillTransistionToSize;
			productName = ViewWillTransistionToSize;
			productReference = 39A1DD961C5116DD003922D2 /* ViewWillTransistionToSize.app */;
			productType = "com.apple.product-type.application";
		};
/* End PBXNativeTarget section */

/* Begin PBXProject section */
		39A1DD8E1C5116DD003922D2 /* Project object */ = {
			isa = PBXProject;
			attributes = {
				LastUpgradeCheck = 0720;
				ORGANIZATIONNAME = "B-NYS";
				TargetAttributes = {
					39A1DD951C5116DD003922D2 = {
						CreatedOnToolsVersion = 7.2;
					};
				};
			};
			buildConfigurationList = 39A1DD911C5116DD003922D2 /* Build configuration list for PBXProject "ViewWillTransistionToSize" */;
			compatibilityVersion = "Xcode 3.2";
			developmentRegion = English;
			hasScannedForEncodings = 0;
			knownRegions = (
				en,
				Base,
			);
			mainGroup = 39A1DD8D1C5116DD003922D2;
			productRefGroup = 39A1DD971C5116DD003922D2 /* Products */;
			projectDirPath = "";
			projectRoot = "";
			targets = (
				39A1DD951C5116DD003922D2 /* ViewWillTransistionToSize */,
			);
		};
/* End PBXProject section */

/* Begin PBXResourcesBuildPhase section */
		39A1DD941C5116DD003922D2 /* Resources */ = {
			isa = PBXResourcesBuildPhase;
			buildActionMask = 2147483647;
			files = (
				39A1DDA91C5116DD003922D2 /* LaunchScreen.storyboard in Resources */,
				39A1DDA61C5116DD003922D2 /* Assets.xcassets in Resources */,
				39A1DDA41C5116DD003922D2 /* Main.storyboard in Resources */,
			);
			runOnlyForDeploymentPostprocessing = 0;
		};
/* End PBXResourcesBuildPhase section */

/* Begin PBXSourcesBuildPhase section */
		39A1DD921C5116DD003922D2 /* Sources */ = {
			isa = PBXSourcesBuildPhase;
			buildActionMask = 2147483647;
			files = (
				39A1DDA11C5116DD003922D2 /* ViewController.m in Sources */,
				39A1DDB21C511706003922D2 /* MyNavigationController.m in Sources */,
				39A1DD9E1C5116DD003922D2 /* AppDelegate.m in Sources */,
				39A1DD9B1C5116DD003922D2 /* main.m in Sources */,
				39A1DDB51C5117BF003922D2 /* PushedViewController.m in Sources */,
			);
			runOnlyForDeploymentPostprocessing = 0;
		};
/* End PBXSourcesBuildPhase section */

/* Begin PBXVariantGroup section */
		39A1DDA21C5116DD003922D2 /* Main.storyboard */ = {
			isa = PBXVariantGroup;
			children = (
				39A1DDA31C5116DD003922D2 /* Base */,
			);
			name = Main.storyboard;
			sourceTree = "<group>";
		};
		39A1DDA71C5116DD003922D2 /* LaunchScreen.storyboard */ = {
			isa = PBXVariantGroup;
			children = (
				39A1DDA81C5116DD003922D2 /* Base */,
			);
			name = LaunchScreen.storyboard;
			sourceTree = "<group>";
		};
/* End PBXVariantGroup section */

/* Begin XCBuildConfiguration section */
		39A1DDAB1C5116DD003922D2 /* Debug */ = {
			isa = XCBuildConfiguration;
			buildSettings = {
				ALWAYS_SEARCH_USER_PATHS = NO;
				CLANG_CXX_LANGUAGE_STANDARD = "gnu++0x";
				CLANG_CXX_LIBRARY = "libc++";
				CLANG_ENABLE_MODULES = YES;
				CLANG_ENABLE_OBJC_ARC = YES;
				CLANG_WARN_BOOL_CONVERSION = YES;
				CLANG_WARN_CONSTANT_CONVERSION = YES;
				CLANG_WARN_DIRECT_OBJC_ISA_USAGE = YES_ERROR;
				CLANG_WARN_EMPTY_BODY = YES;
				CLANG_WARN_ENUM_CONVERSION = YES;
				CLANG_WARN_INT_CONVERSION = YES;
				CLANG_WARN_OBJC_ROOT_CLASS = YES_ERROR;
				CLANG_WARN_UNREACHABLE_CODE = YES;
				CLANG_WARN__DUPLICATE_METHOD_MATCH = YES;
				"CODE_SIGN_IDENTITY[sdk=iphoneos*]" = "iPhone Developer";
				COPY_PHASE_STRIP = NO;
				DEBUG_INFORMATION_FORMAT = dwarf;
				ENABLE_STRICT_OBJC_MSGSEND = YES;
				ENABLE_TESTABILITY = YES;
				GCC_C_LANGUAGE_STANDARD = gnu99;
				GCC_DYNAMIC_NO_PIC = NO;
				GCC_NO_COMMON_BLOCKS = YES;
				GCC_OPTIMIZATION_LEVEL = 0;
				GCC_PREPROCESSOR_DEFINITIONS = (
					"DEBUG=1",
					"$(inherited)",
				);
				GCC_WARN_64_TO_32_BIT_CONVERSION = YES;
				GCC_WARN_ABOUT_RETURN_TYPE = YES_ERROR;
				GCC_WARN_UNDECLARED_SELECTOR = YES;
				GCC_WARN_UNINITIALIZED_AUTOS = YES_AGGRESSIVE;
				GCC_WARN_UNUSED_FUNCTION = YES;
				GCC_WARN_UNUSED_VARIABLE = YES;
				IPHONEOS_DEPLOYMENT_TARGET = 9.2;
				MTL_ENABLE_DEBUG_INFO = YES;
				ONLY_ACTIVE_ARCH = YES;
				SDKROOT = iphoneos;
				TARGETED_DEVICE_FAMILY = "1,2";
			};
			name = Debug;
		};
		39A1DDAC1C5116DD003922D2 /* Release */ = {
			isa = XCBuildConfiguration;
			buildSettings = {
				ALWAYS_SEARCH_USER_PATHS = NO;
				CLANG_CXX_LANGUAGE_STANDARD = "gnu++0x";
				CLANG_CXX_LIBRARY = "libc++";
				CLANG_ENABLE_MODULES = YES;
				CLANG_ENABLE_OBJC_ARC = YES;
				CLANG_WARN_BOOL_CONVERSION = YES;
				CLANG_WARN_CONSTANT_CONVERSION = YES;
				CLANG_WARN_DIRECT_OBJC_ISA_USAGE = YES_ERROR;
				CLANG_WARN_EMPTY_BODY = YES;
				CLANG_WARN_ENUM_CONVERSION = YES;
				CLANG_WARN_INT_CONVERSION = YES;
				CLANG_WARN_OBJC_ROOT_CLASS = YES_ERROR;
				CLANG_WARN_UNREACHABLE_CODE = YES;
				CLANG_WARN__DUPLICATE_METHOD_MATCH = YES;
				"CODE_SIGN_IDENTITY[sdk=iphoneos*]" = "iPhone Developer";
				COPY_PHASE_STRIP = NO;
				DEBUG_INFORMATION_FORMAT = "dwarf-with-dsym";
				ENABLE_NS_ASSERTIONS = NO;
				ENABLE_STRICT_OBJC_MSGSEND = YES;
				GCC_C_LANGUAGE_STANDARD = gnu99;
				GCC_NO_COMMON_BLOCKS = YES;
				GCC_WARN_64_TO_32_BIT_CONVERSION = YES;
				GCC_WARN_ABOUT_RETURN_TYPE = YES_ERROR;
				GCC_WARN_UNDECLARED_SELECTOR = YES;
				GCC_WARN_UNINITIALIZED_AUTOS = YES_AGGRESSIVE;
				GCC_WARN_UNUSED_FUNCTION = YES;
				GCC_WARN_UNUSED_VARIABLE = YES;
				IPHONEOS_DEPLOYMENT_TARGET = 9.2;
				MTL_ENABLE_DEBUG_INFO = NO;
				SDKROOT = iphoneos;
				TARGETED_DEVICE_FAMILY = "1,2";
				VALIDATE_PRODUCT = YES;
			};
			name = Release;
		};
		39A1DDAE1C5116DD003922D2 /* Debug */ = {
			isa = XCBuildConfiguration;
			buildSettings = {
				ASSETCATALOG_COMPILER_APPICON_NAME = AppIcon;
				INFOPLIST_FILE = ViewWillTransistionToSize/Info.plist;
				LD_RUNPATH_SEARCH_PATHS = "$(inherited) @executable_path/Frameworks";
				PRODUCT_BUNDLE_IDENTIFIER = "com.b-nys.ViewWillTransistionToSize";
				PRODUCT_NAME = "$(TARGET_NAME)";
			};
			name = Debug;
		};
		39A1DDAF1C5116DD003922D2 /* Release */ = {
			isa = XCBuildConfiguration;
			buildSettings = {
				ASSETCATALOG_COMPILER_APPICON_NAME = AppIcon;
				INFOPLIST_FILE = ViewWillTransistionToSize/Info.plist;
				LD_RUNPATH_SEARCH_PATHS = "$(inherited) @executable_path/Frameworks";
				PRODUCT_BUNDLE_IDENTIFIER = "com.b-nys.ViewWillTransistionToSize";
				PRODUCT_NAME = "$(TARGET_NAME)";
			};
			name = Release;
		};
/* End XCBuildConfiguration section */

/* Begin XCConfigurationList section */
		39A1DD911C5116DD003922D2 /* Build configuration list for PBXProject "ViewWillTransistionToSize" */ = {
			isa = XCConfigurationList;
			buildConfigurations = (
				39A1DDAB1C5116DD003922D2 /* Debug */,
				39A1DDAC1C5116DD003922D2 /* Release */,
			);
			defaultConfigurationIsVisible = 0;
			defaultConfigurationName = Release;
		};
		39A1DDAD1C5116DD003922D2 /* Build configuration list for PBXNativeTarget "ViewWillTransistionToSize" */ = {
			isa = XCConfigurationList;
			buildConfigurations = (
				39A1DDAE1C5116DD003922D2 /* Debug */,
				39A1DDAF1C5116DD003922D2 /* Release */,
			);
			defaultConfigurationIsVisible = 0;
		};
/* End XCConfigurationList section */
	};
	rootObject = 39A1DD8E1C5116DD003922D2 /* Project object */;
}
